{
  "version": 1,
  "dependencies": {
    "net10.0": {
      "MediatR": {
        "type": "Direct",
        "requested": "[12.5.0, )",
        "resolved": "12.5.0",
        "contentHash": "vqm2H8/nqL5NAJHPhsG1JOPwfkmbVrPyh4svdoRzu+uZh6Ex7PRoHBGsLYC0/RWCEJFqD1ohHNpteQvql9OktA==",
        "dependencies": {
          "MediatR.Contracts": "[2.0.1, 3.0.0)"
        }
      },
      "MediatR.Contracts": {
        "type": "Transitive",
        "resolved": "2.0.1",
        "contentHash": "FYv95bNT4UwcNA+G/J1oX5OpRiSUxteXaUt2BJbRSdRNiIUNbggJF69wy6mnk2wYToaanpdXZdCwVylt96MpwQ=="
      },
      "MongoDB.Bson": {
        "type": "Transitive",
        "resolved": "3.5.2",
        "contentHash": "aTlbKclBjXi4j3AkrHiaeuKCvdoGA029VbvXJUmmsCXDz+DEfBFq6n9uOvXJu2YXcJiW9Vay1ZctY5Iu0JRXdw=="
      },
      "hyperdrive.ai.domain": {
        "type": "Project",
        "dependencies": {
          "MongoDB.Bson": "[3.5.2, )"
        }
      }
    }
  }
}