{
  "version": 1,
  "dependencies": {
    "net10.0": {
      "MongoDB.Bson": {
        "type": "Direct",
        "requested": "[3.7.0, )",
        "resolved": "3.7.0",
        "contentHash": "u8f0UAYe2/LWdvLEwwIjkCd2Rx6vBo6Yab+i+D4B3E0AvK1ndzIsIHuGBCeYeg5r8+/V+m1TXLonlhwT9Vfdrg=="
      }
    }
  }
}