{
  "version": 1,
  "dependencies": {
    "net10.0": {
      "MongoDB.Bson": {
        "type": "Direct",
        "requested": "[3.8.0, )",
        "resolved": "3.8.0",
        "contentHash": "HeiOJUylam5nIB7b1EfzlnJbf6A9te79WO6CtsKfp8M/2EeL4SoSQFjmUpJ6/vvuaNKGENXMaX9oUJp9KpHlqw=="
      }
    }
  }
}