{
  "version": 1,
  "dependencies": {
    "net10.0": {
      "MongoDB.Bson": {
        "type": "Direct",
        "requested": "[3.7.1, )",
        "resolved": "3.7.1",
        "contentHash": "ZhCFCN64iZNaV6TDVNpjQ6p8M8tQvLda6ABbfrqd6XEZ3qn0pwwDJi6+DZ3xySadUwGzKR0CV3IzmHEWe/wI4Q=="
      }
    }
  }
}