{
  "version": 1,
  "dependencies": {
    "net10.0": {
      "MongoDB.Bson": {
        "type": "Direct",
        "requested": "[3.10.0, )",
        "resolved": "3.10.0",
        "contentHash": "dpM9EXd3evUW7qPpSjfWshPYjbD26rxm+e32LWNDpRWBZZZo4WaO5Azy/Xro55u3IZ/8u1Z4hCZnlI72Y+/5jg=="
      }
    }
  }
}